
Microsoft Visual Studio Solution File, Format Version 12.00
# Visual Studio 15
VisualStudioVersion = 15.0.28010.2036
MinimumVisualStudioVersion = 10.0.40219.1
Project("{FAE04EC0-301F-11D3-BF4B-00C04F79EFBC}") = "TavernMaster", "TavernMaster\TavernMaster.csproj", "{AF906EE5-A7C3-4D5A-BF9F-98FDD22FAE9D}"
EndProject
Global
	GlobalSection(SolutionConfigurationPlatforms) = preSolution
		Debug|Any CPU = Debug|Any CPU
		Release|Any CPU = Release|Any CPU
	EndGlobalSection
	GlobalSection(ProjectConfigurationPlatforms) = postSolution
		{AF906EE5-A7C3-4D5A-BF9F-98FDD22FAE9D}.Debug|Any CPU.ActiveCfg = Debug|Any CPU
		{AF906EE5-A7C3-4D5A-BF9F-98FDD22FAE9D}.Debug|Any CPU.Build.0 = Debug|Any CPU
		{AF906EE5-A7C3-4D5A-BF9F-98FDD22FAE9D}.Release|Any CPU.ActiveCfg = Release|Any CPU
		{AF906EE5-A7C3-4D5A-BF9F-98FDD22FAE9D}.Release|Any CPU.Build.0 = Release|Any CPU
	EndGlobalSection
	GlobalSection(SolutionProperties) = preSolution
		HideSolutionNode = FALSE
	EndGlobalSection
	GlobalSection(ExtensibilityGlobals) = postSolution
		SolutionGuid = {1A688A9E-57CE-4EC2-8946-711DAC37C037}
	EndGlobalSection
EndGlobal
